
Microsoft Visual Studio Solution File, Format Version 12.00
# Visual Studio 2013
VisualStudioVersion = 12.0.21005.1
MinimumVisualStudioVersion = 10.0.40219.1
Project("{FAE04EC0-301F-11D3-BF4B-00C04F79EFBC}") = "JYPXIE69529", "JYPXIE69529\JYPXIE69529.csproj", "{74C65945-6A95-4EF7-BF86-5D4190AE634A}"
EndProject
Project("{FAE04EC0-301F-11D3-BF4B-00C04F79EFBC}") = "Demo_JYPXIE69529", "Demo_JYPXIE69529\Demo_JYPXIE69529.csproj", "{AF3E52CC-DA47-45A6-9E6F-B0879301526A}"
EndProject
Global
	GlobalSection(SolutionConfigurationPlatforms) = preSolution
		Debug|Any CPU = Debug|Any CPU
		Release|Any CPU = Release|Any CPU
	EndGlobalSection
	GlobalSection(ProjectConfigurationPlatforms) = postSolution
		{74C65945-6A95-4EF7-BF86-5D4190AE634A}.Debug|Any CPU.ActiveCfg = Debug|Any CPU
		{74C65945-6A95-4EF7-BF86-5D4190AE634A}.Debug|Any CPU.Build.0 = Debug|Any CPU
		{74C65945-6A95-4EF7-BF86-5D4190AE634A}.Release|Any CPU.ActiveCfg = Release|Any CPU
		{74C65945-6A95-4EF7-BF86-5D4190AE634A}.Release|Any CPU.Build.0 = Release|Any CPU
		{AF3E52CC-DA47-45A6-9E6F-B0879301526A}.Debug|Any CPU.ActiveCfg = Debug|Any CPU
		{AF3E52CC-DA47-45A6-9E6F-B0879301526A}.Debug|Any CPU.Build.0 = Debug|Any CPU
		{AF3E52CC-DA47-45A6-9E6F-B0879301526A}.Release|Any CPU.ActiveCfg = Release|Any CPU
		{AF3E52CC-DA47-45A6-9E6F-B0879301526A}.Release|Any CPU.Build.0 = Release|Any CPU
	EndGlobalSection
	GlobalSection(SolutionProperties) = preSolution
		HideSolutionNode = FALSE
	EndGlobalSection
EndGlobal
